
Microsoft Visual Studio Solution File, Format Version 12.00
# Visual Studio Version 17
VisualStudioVersion = 17.11.35222.181
MinimumVisualStudioVersion = 10.0.40219.1
Project("{2150E333-8FDC-42A3-9474-1A3956D46DE8}") = "test", "test", "{EF77DF2F-2620-44AD-BBB6-C74F48491B0C}"
EndProject
Project("{2150E333-8FDC-42A3-9474-1A3956D46DE8}") = "src", "src", "{11A5343C-2E0D-4830-BE53-5C041F81D738}"
EndProject
Project("{2150E333-8FDC-42A3-9474-1A3956D46DE8}") = "APIs", "APIs", "{B073E4E9-4105-479C-A5D7-4AFF6B35DDB9}"
EndProject
Project("{2150E333-8FDC-42A3-9474-1A3956D46DE8}") = "Core", "Core", "{C32772B6-AE06-49D3-BF01-9AD77D9B9C0C}"
EndProject
Project("{2150E333-8FDC-42A3-9474-1A3956D46DE8}") = "Infrastructure", "Infrastructure", "{DC82C3FF-691C-495D-8C83-C4CB6024250C}"
EndProject
Project("{2150E333-8FDC-42A3-9474-1A3956D46DE8}") = "UI", "UI", "{FAB25F4A-4801-46DC-8D80-A76FEC2153A4}"
EndProject
Project("{FAE04EC0-301F-11D3-BF4B-00C04F79EFBC}") = "LinkDev.Talabat.APIs", "LinkDev.Talabat.APIs\LinkDev.Talabat.APIs.csproj", "{232862F7-4A1A-483F-B870-482F763BAB9E}"
EndProject
Project("{2150E333-8FDC-42A3-9474-1A3956D46DE8}") = "Client", "Client", "{387F4C42-81B1-49D2-B490-A60EC6F565C7}"
EndProject
Project("{2150E333-8FDC-42A3-9474-1A3956D46DE8}") = "Dashboard", "Dashboard", "{32D94DDF-918D-4BB3-A964-F10B9910AB19}"
EndProject
Global
	GlobalSection(SolutionConfigurationPlatforms) = preSolution
		Debug|Any CPU = Debug|Any CPU
		Release|Any CPU = Release|Any CPU
	EndGlobalSection
	GlobalSection(ProjectConfigurationPlatforms) = postSolution
		{232862F7-4A1A-483F-B870-482F763BAB9E}.Debug|Any CPU.ActiveCfg = Debug|Any CPU
		{232862F7-4A1A-483F-B870-482F763BAB9E}.Debug|Any CPU.Build.0 = Debug|Any CPU
		{232862F7-4A1A-483F-B870-482F763BAB9E}.Release|Any CPU.ActiveCfg = Release|Any CPU
		{232862F7-4A1A-483F-B870-482F763BAB9E}.Release|Any CPU.Build.0 = Release|Any CPU
	EndGlobalSection
	GlobalSection(SolutionProperties) = preSolution
		HideSolutionNode = FALSE
	EndGlobalSection
	GlobalSection(NestedProjects) = preSolution
		{B073E4E9-4105-479C-A5D7-4AFF6B35DDB9} = {11A5343C-2E0D-4830-BE53-5C041F81D738}
		{C32772B6-AE06-49D3-BF01-9AD77D9B9C0C} = {11A5343C-2E0D-4830-BE53-5C041F81D738}
		{DC82C3FF-691C-495D-8C83-C4CB6024250C} = {11A5343C-2E0D-4830-BE53-5C041F81D738}
		{FAB25F4A-4801-46DC-8D80-A76FEC2153A4} = {11A5343C-2E0D-4830-BE53-5C041F81D738}
		{232862F7-4A1A-483F-B870-482F763BAB9E} = {B073E4E9-4105-479C-A5D7-4AFF6B35DDB9}
		{387F4C42-81B1-49D2-B490-A60EC6F565C7} = {FAB25F4A-4801-46DC-8D80-A76FEC2153A4}
		{32D94DDF-918D-4BB3-A964-F10B9910AB19} = {FAB25F4A-4801-46DC-8D80-A76FEC2153A4}
	EndGlobalSection
	GlobalSection(ExtensibilityGlobals) = postSolution
		SolutionGuid = {91FE9D5C-ADBB-4022-9622-749C484A45AE}
	EndGlobalSection
EndGlobal
